// !$*UTF8*$!
{
	archiveVersion = 1;
	classes = {
	};
	objectVersion = 55;
	objects = {

/* Begin PBXBuildFile section */
		B34099C7275FF30500A0F5EA /* SlideOverCard.swift in Sources */ = {isa = PBXBuildFile; fileRef = B34099C6275FF30500A0F5EA /* SlideOverCard.swift */; };
		B34099C8275FF30500A0F5EA /* SlideOverCard.swift in Sources */ = {isa = PBXBuildFile; fileRef = B34099C6275FF30500A0F5EA /* SlideOverCard.swift */; };
		B34099CA275FF34600A0F5EA /* Handle.swift in Sources */ = {isa = PBXBuildFile; fileRef = B34099C9275FF34600A0F5EA /* Handle.swift */; };
		B34099CB275FF34600A0F5EA /* Handle.swift in Sources */ = {isa = PBXBuildFile; fileRef = B34099C9275FF34600A0F5EA /* Handle.swift */; };
		B34099CD275FF36800A0F5EA /* MapView.swift in Sources */ = {isa = PBXBuildFile; fileRef = B34099CC275FF36800A0F5EA /* MapView.swift */; };
		B34099CE275FF36800A0F5EA /* MapView.swift in Sources */ = {isa = PBXBuildFile; fileRef = B34099CC275FF36800A0F5EA /* MapView.swift */; };
		B34099D0275FF3EF00A0F5EA /* TelaPonto.swift in Sources */ = {isa = PBXBuildFile; fileRef = B34099CF275FF3EF00A0F5EA /* TelaPonto.swift */; };
		B34099D1275FF3EF00A0F5EA /* TelaPonto.swift in Sources */ = {isa = PBXBuildFile; fileRef = B34099CF275FF3EF00A0F5EA /* TelaPonto.swift */; };
		B34099D3275FF54800A0F5EA /* Tela Inicio.swift in Sources */ = {isa = PBXBuildFile; fileRef = B34099D2275FF54800A0F5EA /* Tela Inicio.swift */; };
		B34099D4275FF54800A0F5EA /* Tela Inicio.swift in Sources */ = {isa = PBXBuildFile; fileRef = B34099D2275FF54800A0F5EA /* Tela Inicio.swift */; };
		B34099D6275FFFFB00A0F5EA /* TelaCriarDesafio.swift in Sources */ = {isa = PBXBuildFile; fileRef = B34099D5275FFFFB00A0F5EA /* TelaCriarDesafio.swift */; };
		B34099D7275FFFFB00A0F5EA /* TelaCriarDesafio.swift in Sources */ = {isa = PBXBuildFile; fileRef = B34099D5275FFFFB00A0F5EA /* TelaCriarDesafio.swift */; };
		B37F2CA0274D5B5D004021ED /* ViewComando.swift in Sources */ = {isa = PBXBuildFile; fileRef = B37F2C9F274D5B5D004021ED /* ViewComando.swift */; };
		B3A2B29A2757EA58001C7E94 /* AppClipsLocalizacaoApp.swift in Sources */ = {isa = PBXBuildFile; fileRef = B3A2B2992757EA58001C7E94 /* AppClipsLocalizacaoApp.swift */; };
		B3A2B29C2757EA58001C7E94 /* ContentView.swift in Sources */ = {isa = PBXBuildFile; fileRef = B3A2B29B2757EA58001C7E94 /* ContentView.swift */; };
		B3A2B29E2757EA5C001C7E94 /* Assets.xcassets in Resources */ = {isa = PBXBuildFile; fileRef = B3A2B29D2757EA5C001C7E94 /* Assets.xcassets */; };
		B3A2B2A12757EA5C001C7E94 /* Preview Assets.xcassets in Resources */ = {isa = PBXBuildFile; fileRef = B3A2B2A02757EA5C001C7E94 /* Preview Assets.xcassets */; };
		B3A2B2A62757EA5C001C7E94 /* AppClipsLocalizacao.app in Embed App Clips */ = {isa = PBXBuildFile; fileRef = B3A2B2972757EA58001C7E94 /* AppClipsLocalizacao.app */; settings = {ATTRIBUTES = (RemoveHeadersOnCopy, ); }; };
		B3E052D527627D68003D9214 /* EntrarDesafio.swift in Sources */ = {isa = PBXBuildFile; fileRef = B3E052D427627D68003D9214 /* EntrarDesafio.swift */; };
		B3E052D627628015003D9214 /* EntrarDesafio.swift in Sources */ = {isa = PBXBuildFile; fileRef = B3E052D427627D68003D9214 /* EntrarDesafio.swift */; };
		B3E052D927629C22003D9214 /* CodigoDesafio.swift in Sources */ = {isa = PBXBuildFile; fileRef = B3E052D827629C22003D9214 /* CodigoDesafio.swift */; };
		B3E052DD2763E22E003D9214 /* Launch Screen.storyboard in Resources */ = {isa = PBXBuildFile; fileRef = B3E052DC2763E22E003D9214 /* Launch Screen.storyboard */; };
		B3E052DF2766856B003D9214 /* TelaDesafio.swift in Sources */ = {isa = PBXBuildFile; fileRef = B3E052DE2766856B003D9214 /* TelaDesafio.swift */; };
		B3F25D67273ED17400266C90 /* MC4App.swift in Sources */ = {isa = PBXBuildFile; fileRef = B3F25D66273ED17400266C90 /* MC4App.swift */; };
		B3F25D69273ED17400266C90 /* ContentView.swift in Sources */ = {isa = PBXBuildFile; fileRef = B3F25D68273ED17400266C90 /* ContentView.swift */; };
		B3F25D6B273ED17700266C90 /* Assets.xcassets in Resources */ = {isa = PBXBuildFile; fileRef = B3F25D6A273ED17700266C90 /* Assets.xcassets */; };
		B3F25D6E273ED17700266C90 /* Preview Assets.xcassets in Resources */ = {isa = PBXBuildFile; fileRef = B3F25D6D273ED17700266C90 /* Preview Assets.xcassets */; };
/* End PBXBuildFile section */

/* Begin PBXContainerItemProxy section */
		B3A2B2A42757EA5C001C7E94 /* PBXContainerItemProxy */ = {
			isa = PBXContainerItemProxy;
			containerPortal = B3F25D5B273ED17400266C90 /* Project object */;
			proxyType = 1;
			remoteGlobalIDString = B3A2B2962757EA58001C7E94;
			remoteInfo = AppClipsLocalizacao;
		};
/* End PBXContainerItemProxy section */

/* Begin PBXCopyFilesBuildPhase section */
		B37F2C9A274D5A87004021ED /* Embed App Clips */ = {
			isa = PBXCopyFilesBuildPhase;
			buildActionMask = 2147483647;
			dstPath = "$(CONTENTS_FOLDER_PATH)/AppClips";
			dstSubfolderSpec = 16;
			files = (
				B3A2B2A62757EA5C001C7E94 /* AppClipsLocalizacao.app in Embed App Clips */,
			);
			name = "Embed App Clips";
			runOnlyForDeploymentPostprocessing = 0;
		};
/* End PBXCopyFilesBuildPhase section */

/* Begin PBXFileReference section */
		B34099C6275FF30500A0F5EA /* SlideOverCard.swift */ = {isa = PBXFileReference; lastKnownFileType = sourcecode.swift; path = SlideOverCard.swift; sourceTree = "<group>"; };
		B34099C9275FF34600A0F5EA /* Handle.swift */ = {isa = PBXFileReference; lastKnownFileType = sourcecode.swift; path = Handle.swift; sourceTree = "<group>"; };
		B34099CC275FF36800A0F5EA /* MapView.swift */ = {isa = PBXFileReference; lastKnownFileType = sourcecode.swift; path = MapView.swift; sourceTree = "<group>"; };
		B34099CF275FF3EF00A0F5EA /* TelaPonto.swift */ = {isa = PBXFileReference; lastKnownFileType = sourcecode.swift; path = TelaPonto.swift; sourceTree = "<group>"; };
		B34099D2275FF54800A0F5EA /* Tela Inicio.swift */ = {isa = PBXFileReference; lastKnownFileType = sourcecode.swift; path = "Tela Inicio.swift"; sourceTree = "<group>"; };
		B34099D5275FFFFB00A0F5EA /* TelaCriarDesafio.swift */ = {isa = PBXFileReference; lastKnownFileType = sourcecode.swift; path = TelaCriarDesafio.swift; sourceTree = "<group>"; };
		B37F2C9F274D5B5D004021ED /* ViewComando.swift */ = {isa = PBXFileReference; lastKnownFileType = sourcecode.swift; path = ViewComando.swift; sourceTree = "<group>"; };
		B3A2B2972757EA58001C7E94 /* AppClipsLocalizacao.app */ = {isa = PBXFileReference; explicitFileType = wrapper.application; includeInIndex = 0; path = AppClipsLocalizacao.app; sourceTree = BUILT_PRODUCTS_DIR; };
		B3A2B2992757EA58001C7E94 /* AppClipsLocalizacaoApp.swift */ = {isa = PBXFileReference; lastKnownFileType = sourcecode.swift; path = AppClipsLocalizacaoApp.swift; sourceTree = "<group>"; };
		B3A2B29B2757EA58001C7E94 /* ContentView.swift */ = {isa = PBXFileReference; lastKnownFileType = sourcecode.swift; path = ContentView.swift; sourceTree = "<group>"; };
		B3A2B29D2757EA5C001C7E94 /* Assets.xcassets */ = {isa = PBXFileReference; lastKnownFileType = folder.assetcatalog; path = Assets.xcassets; sourceTree = "<group>"; };
		B3A2B2A02757EA5C001C7E94 /* Preview Assets.xcassets */ = {isa = PBXFileReference; lastKnownFileType = folder.assetcatalog; path = "Preview Assets.xcassets"; sourceTree = "<group>"; };
		B3A2B2A22757EA5C001C7E94 /* Info.plist */ = {isa = PBXFileReference; lastKnownFileType = text.plist.xml; path = Info.plist; sourceTree = "<group>"; };
		B3A2B2A32757EA5C001C7E94 /* AppClipsLocalizacao.entitlements */ = {isa = PBXFileReference; lastKnownFileType = text.plist.entitlements; path = AppClipsLocalizacao.entitlements; sourceTree = "<group>"; };
		B3E052D427627D68003D9214 /* EntrarDesafio.swift */ = {isa = PBXFileReference; lastKnownFileType = sourcecode.swift; path = EntrarDesafio.swift; sourceTree = "<group>"; };
		B3E052D827629C22003D9214 /* CodigoDesafio.swift */ = {isa = PBXFileReference; lastKnownFileType = sourcecode.swift; path = CodigoDesafio.swift; sourceTree = "<group>"; };
		B3E052DC2763E22E003D9214 /* Launch Screen.storyboard */ = {isa = PBXFileReference; lastKnownFileType = file.storyboard; path = "Launch Screen.storyboard"; sourceTree = "<group>"; };
		B3E052DE2766856B003D9214 /* TelaDesafio.swift */ = {isa = PBXFileReference; lastKnownFileType = sourcecode.swift; path = TelaDesafio.swift; sourceTree = "<group>"; };
		B3F25D63273ED17400266C90 /* MC4.app */ = {isa = PBXFileReference; explicitFileType = wrapper.application; includeInIndex = 0; path = MC4.app; sourceTree = BUILT_PRODUCTS_DIR; };
		B3F25D66273ED17400266C90 /* MC4App.swift */ = {isa = PBXFileReference; lastKnownFileType = sourcecode.swift; path = MC4App.swift; sourceTree = "<group>"; };
		B3F25D68273ED17400266C90 /* ContentView.swift */ = {isa = PBXFileReference; lastKnownFileType = sourcecode.swift; path = ContentView.swift; sourceTree = "<group>"; };
		B3F25D6A273ED17700266C90 /* Assets.xcassets */ = {isa = PBXFileReference; lastKnownFileType = folder.assetcatalog; path = Assets.xcassets; sourceTree = "<group>"; };
		B3F25D6D273ED17700266C90 /* Preview Assets.xcassets */ = {isa = PBXFileReference; lastKnownFileType = folder.assetcatalog; path = "Preview Assets.xcassets"; sourceTree = "<group>"; };
/* End PBXFileReference section */

/* Begin PBXFrameworksBuildPhase section */
		B3A2B2942757EA58001C7E94 /* Frameworks */ = {
			isa = PBXFrameworksBuildPhase;
			buildActionMask = 2147483647;
			files = (
			);
			runOnlyForDeploymentPostprocessing = 0;
		};
		B3F25D60273ED17400266C90 /* Frameworks */ = {
			isa = PBXFrameworksBuildPhase;
			buildActionMask = 2147483647;
			files = (
			);
			runOnlyForDeploymentPostprocessing = 0;
		};
/* End PBXFrameworksBuildPhase section */

/* Begin PBXGroup section */
		B34099C5275FF2D800A0F5EA /* Tela ponto */ = {
			isa = PBXGroup;
			children = (
				B34099C9275FF34600A0F5EA /* Handle.swift */,
				B34099CC275FF36800A0F5EA /* MapView.swift */,
				B34099C6275FF30500A0F5EA /* SlideOverCard.swift */,
				B3E052DE2766856B003D9214 /* TelaDesafio.swift */,
				B34099CF275FF3EF00A0F5EA /* TelaPonto.swift */,
				B34099D5275FFFFB00A0F5EA /* TelaCriarDesafio.swift */,
				B3E052D427627D68003D9214 /* EntrarDesafio.swift */,
				B3E052D827629C22003D9214 /* CodigoDesafio.swift */,
			);
			path = "Tela ponto";
			sourceTree = "<group>";
		};
		B37F2C9E274D5B38004021ED /* Compartilhado */ = {
			isa = PBXGroup;
			children = (
				B37F2C9F274D5B5D004021ED /* ViewComando.swift */,
			);
			path = Compartilhado;
			sourceTree = "<group>";
		};
		B3A2B2982757EA58001C7E94 /* AppClipsLocalizacao */ = {
			isa = PBXGroup;
			children = (
				B3A2B2992757EA58001C7E94 /* AppClipsLocalizacaoApp.swift */,
				B3A2B29B2757EA58001C7E94 /* ContentView.swift */,
				B3A2B29D2757EA5C001C7E94 /* Assets.xcassets */,
				B3A2B2A22757EA5C001C7E94 /* Info.plist */,
				B3A2B2A32757EA5C001C7E94 /* AppClipsLocalizacao.entitlements */,
				B3A2B29F2757EA5C001C7E94 /* Preview Content */,
			);
			path = AppClipsLocalizacao;
			sourceTree = "<group>";
		};
		B3A2B29F2757EA5C001C7E94 /* Preview Content */ = {
			isa = PBXGroup;
			children = (
				B3A2B2A02757EA5C001C7E94 /* Preview Assets.xcassets */,
			);
			path = "Preview Content";
			sourceTree = "<group>";
		};
		B3F25D5A273ED17400266C90 = {
			isa = PBXGroup;
			children = (
				B3F25D65273ED17400266C90 /* MC4 */,
				B3A2B2982757EA58001C7E94 /* AppClipsLocalizacao */,
				B3F25D64273ED17400266C90 /* Products */,
			);
			sourceTree = "<group>";
		};
		B3F25D64273ED17400266C90 /* Products */ = {
			isa = PBXGroup;
			children = (
				B3F25D63273ED17400266C90 /* MC4.app */,
				B3A2B2972757EA58001C7E94 /* AppClipsLocalizacao.app */,
			);
			name = Products;
			sourceTree = "<group>";
		};
		B3F25D65273ED17400266C90 /* MC4 */ = {
			isa = PBXGroup;
			children = (
				B3F25D66273ED17400266C90 /* MC4App.swift */,
				B3E052DC2763E22E003D9214 /* Launch Screen.storyboard */,
				B3F25D68273ED17400266C90 /* ContentView.swift */,
				B34099D2275FF54800A0F5EA /* Tela Inicio.swift */,
				B34099C5275FF2D800A0F5EA /* Tela ponto */,
				B37F2C9E274D5B38004021ED /* Compartilhado */,
				B3F25D6A273ED17700266C90 /* Assets.xcassets */,
				B3F25D6C273ED17700266C90 /* Preview Content */,
			);
			path = MC4;
			sourceTree = "<group>";
		};
		B3F25D6C273ED17700266C90 /* Preview Content */ = {
			isa = PBXGroup;
			children = (
				B3F25D6D273ED17700266C90 /* Preview Assets.xcassets */,
			);
			path = "Preview Content";
			sourceTree = "<group>";
		};
/* End PBXGroup section */

/* Begin PBXNativeTarget section */
		B3A2B2962757EA58001C7E94 /* AppClipsLocalizacao */ = {
			isa = PBXNativeTarget;
			buildConfigurationList = B3A2B2A72757EA5C001C7E94 /* Build configuration list for PBXNativeTarget "AppClipsLocalizacao" */;
			buildPhases = (
				B3A2B2932757EA58001C7E94 /* Sources */,
				B3A2B2942757EA58001C7E94 /* Frameworks */,
				B3A2B2952757EA58001C7E94 /* Resources */,
			);
			buildRules = (
			);
			dependencies = (
			);
			name = AppClipsLocalizacao;
			productName = AppClipsLocalizacao;
			productReference = B3A2B2972757EA58001C7E94 /* AppClipsLocalizacao.app */;
			productType = "com.apple.product-type.application.on-demand-install-capable";
		};
		B3F25D62273ED17400266C90 /* MC4 */ = {
			isa = PBXNativeTarget;
			buildConfigurationList = B3F25D71273ED17700266C90 /* Build configuration list for PBXNativeTarget "MC4" */;
			buildPhases = (
				B3F25D5F273ED17400266C90 /* Sources */,
				B3F25D60273ED17400266C90 /* Frameworks */,
				B3F25D61273ED17400266C90 /* Resources */,
				B37F2C9A274D5A87004021ED /* Embed App Clips */,
			);
			buildRules = (
			);
			dependencies = (
				B3A2B2A52757EA5C001C7E94 /* PBXTargetDependency */,
			);
			name = MC4;
			productName = MC4;
			productReference = B3F25D63273ED17400266C90 /* MC4.app */;
			productType = "com.apple.product-type.application";
		};
/* End PBXNativeTarget section */

/* Begin PBXProject section */
		B3F25D5B273ED17400266C90 /* Project object */ = {
			isa = PBXProject;
			attributes = {
				BuildIndependentTargetsInParallel = 1;
				LastSwiftUpdateCheck = 1310;
				LastUpgradeCheck = 1310;
				TargetAttributes = {
					B3A2B2962757EA58001C7E94 = {
						CreatedOnToolsVersion = 13.1;
					};
					B3F25D62273ED17400266C90 = {
						CreatedOnToolsVersion = 13.1;
					};
				};
			};
			buildConfigurationList = B3F25D5E273ED17400266C90 /* Build configuration list for PBXProject "MC4" */;
			compatibilityVersion = "Xcode 13.0";
			developmentRegion = en;
			hasScannedForEncodings = 0;
			knownRegions = (
				en,
				Base,
			);
			mainGroup = B3F25D5A273ED17400266C90;
			productRefGroup = B3F25D64273ED17400266C90 /* Products */;
			projectDirPath = "";
			projectRoot = "";
			targets = (
				B3F25D62273ED17400266C90 /* MC4 */,
				B3A2B2962757EA58001C7E94 /* AppClipsLocalizacao */,
			);
		};
/* End PBXProject section */

/* Begin PBXResourcesBuildPhase section */
		B3A2B2952757EA58001C7E94 /* Resources */ = {
			isa = PBXResourcesBuildPhase;
			buildActionMask = 2147483647;
			files = (
				B3A2B2A12757EA5C001C7E94 /* Preview Assets.xcassets in Resources */,
				B3A2B29E2757EA5C001C7E94 /* Assets.xcassets in Resources */,
			);
			runOnlyForDeploymentPostprocessing = 0;
		};
		B3F25D61273ED17400266C90 /* Resources */ = {
			isa = PBXResourcesBuildPhase;
			buildActionMask = 2147483647;
			files = (
				B3E052DD2763E22E003D9214 /* Launch Screen.storyboard in Resources */,
				B3F25D6E273ED17700266C90 /* Preview Assets.xcassets in Resources */,
				B3F25D6B273ED17700266C90 /* Assets.xcassets in Resources */,
			);
			runOnlyForDeploymentPostprocessing = 0;
		};
/* End PBXResourcesBuildPhase section */

/* Begin PBXSourcesBuildPhase section */
		B3A2B2932757EA58001C7E94 /* Sources */ = {
			isa = PBXSourcesBuildPhase;
			buildActionMask = 2147483647;
			files = (
				B3A2B29C2757EA58001C7E94 /* ContentView.swift in Sources */,
				B3A2B29A2757EA58001C7E94 /* AppClipsLocalizacaoApp.swift in Sources */,
				B34099CE275FF36800A0F5EA /* MapView.swift in Sources */,
				B34099D7275FFFFB00A0F5EA /* TelaCriarDesafio.swift in Sources */,
				B34099D4275FF54800A0F5EA /* Tela Inicio.swift in Sources */,
				B34099C8275FF30500A0F5EA /* SlideOverCard.swift in Sources */,
				B34099D1275FF3EF00A0F5EA /* TelaPonto.swift in Sources */,
				B3E052D627628015003D9214 /* EntrarDesafio.swift in Sources */,
				B34099CB275FF34600A0F5EA /* Handle.swift in Sources */,
			);
			runOnlyForDeploymentPostprocessing = 0;
		};
		B3F25D5F273ED17400266C90 /* Sources */ = {
			isa = PBXSourcesBuildPhase;
			buildActionMask = 2147483647;
			files = (
				B3E052D927629C22003D9214 /* CodigoDesafio.swift in Sources */,
				B37F2CA0274D5B5D004021ED /* ViewComando.swift in Sources */,
				B34099CD275FF36800A0F5EA /* MapView.swift in Sources */,
				B34099C7275FF30500A0F5EA /* SlideOverCard.swift in Sources */,
				B34099D6275FFFFB00A0F5EA /* TelaCriarDesafio.swift in Sources */,
				B3E052DF2766856B003D9214 /* TelaDesafio.swift in Sources */,
				B34099CA275FF34600A0F5EA /* Handle.swift in Sources */,
				B3E052D527627D68003D9214 /* EntrarDesafio.swift in Sources */,
				B3F25D69273ED17400266C90 /* ContentView.swift in Sources */,
				B34099D3275FF54800A0F5EA /* Tela Inicio.swift in Sources */,
				B34099D0275FF3EF00A0F5EA /* TelaPonto.swift in Sources */,
				B3F25D67273ED17400266C90 /* MC4App.swift in Sources */,
			);
			runOnlyForDeploymentPostprocessing = 0;
		};
/* End PBXSourcesBuildPhase section */

/* Begin PBXTargetDependency section */
		B3A2B2A52757EA5C001C7E94 /* PBXTargetDependency */ = {
			isa = PBXTargetDependency;
			target = B3A2B2962757EA58001C7E94 /* AppClipsLocalizacao */;
			targetProxy = B3A2B2A42757EA5C001C7E94 /* PBXContainerItemProxy */;
		};
/* End PBXTargetDependency section */

/* Begin XCBuildConfiguration section */
		B3A2B2A82757EA5C001C7E94 /* Debug */ = {
			isa = XCBuildConfiguration;
			buildSettings = {
				ASSETCATALOG_COMPILER_APPICON_NAME = AppIcon;
				ASSETCATALOG_COMPILER_GLOBAL_ACCENT_COLOR_NAME = AccentColor;
				CODE_SIGN_ENTITLEMENTS = AppClipsLocalizacao/AppClipsLocalizacao.entitlements;
				CODE_SIGN_STYLE = Automatic;
				CURRENT_PROJECT_VERSION = 1;
				DEVELOPMENT_ASSET_PATHS = "\"AppClipsLocalizacao/Preview Content\"";
				DEVELOPMENT_TEAM = HFB9678VY3;
				ENABLE_PREVIEWS = YES;
				GENERATE_INFOPLIST_FILE = YES;
				INFOPLIST_FILE = AppClipsLocalizacao/Info.plist;
				INFOPLIST_KEY_CFBundleDisplayName = MC4;
				INFOPLIST_KEY_UIApplicationSceneManifest_Generation = YES;
				INFOPLIST_KEY_UIApplicationSupportsIndirectInputEvents = YES;
				INFOPLIST_KEY_UILaunchScreen_Generation = YES;
				INFOPLIST_KEY_UISupportedInterfaceOrientations_iPad = "UIInterfaceOrientationPortrait UIInterfaceOrientationPortraitUpsideDown UIInterfaceOrientationLandscapeLeft UIInterfaceOrientationLandscapeRight";
				INFOPLIST_KEY_UISupportedInterfaceOrientations_iPhone = "UIInterfaceOrientationPortrait UIInterfaceOrientationLandscapeLeft UIInterfaceOrientationLandscapeRight";
				LD_RUNPATH_SEARCH_PATHS = (
					"$(inherited)",
					"@executable_path/Frameworks",
				);
				MARKETING_VERSION = 1.0;
				PRODUCT_BUNDLE_IDENTIFIER = SantosTalita.MC4.Clip;
				PRODUCT_NAME = "$(TARGET_NAME)";
				SWIFT_EMIT_LOC_STRINGS = YES;
				SWIFT_VERSION = 5.0;
				TARGETED_DEVICE_FAMILY = "1,2";
			};
			name = Debug;
		};
		B3A2B2A92757EA5C001C7E94 /* Release */ = {
			isa = XCBuildConfiguration;
			buildSettings = {
				ASSETCATALOG_COMPILER_APPICON_NAME = AppIcon;
				ASSETCATALOG_COMPILER_GLOBAL_ACCENT_COLOR_NAME = AccentColor;
				CODE_SIGN_ENTITLEMENTS = AppClipsLocalizacao/AppClipsLocalizacao.entitlements;
				CODE_SIGN_STYLE = Automatic;
				CURRENT_PROJECT_VERSION = 1;
				DEVELOPMENT_ASSET_PATHS = "\"AppClipsLocalizacao/Preview Content\"";
				DEVELOPMENT_TEAM = HFB9678VY3;
				ENABLE_PREVIEWS = YES;
				GENERATE_INFOPLIST_FILE = YES;
				INFOPLIST_FILE = AppClipsLocalizacao/Info.plist;
				INFOPLIST_KEY_CFBundleDisplayName = MC4;
				INFOPLIST_KEY_UIApplicationSceneManifest_Generation = YES;
				INFOPLIST_KEY_UIApplicationSupportsIndirectInputEvents = YES;
				INFOPLIST_KEY_UILaunchScreen_Generation = YES;
				INFOPLIST_KEY_UISupportedInterfaceOrientations_iPad = "UIInterfaceOrientationPortrait UIInterfaceOrientationPortraitUpsideDown UIInterfaceOrientationLandscapeLeft UIInterfaceOrientationLandscapeRight";
				INFOPLIST_KEY_UISupportedInterfaceOrientations_iPhone = "UIInterfaceOrientationPortrait UIInterfaceOrientationLandscapeLeft UIInterfaceOrientationLandscapeRight";
				LD_RUNPATH_SEARCH_PATHS = (
					"$(inherited)",
					"@executable_path/Frameworks",
				);
				MARKETING_VERSION = 1.0;
				PRODUCT_BUNDLE_IDENTIFIER = SantosTalita.MC4.Clip;
				PRODUCT_NAME = "$(TARGET_NAME)";
				SWIFT_EMIT_LOC_STRINGS = YES;
				SWIFT_VERSION = 5.0;
				TARGETED_DEVICE_FAMILY = "1,2";
			};
			name = Release;
		};
		B3F25D6F273ED17700266C90 /* Debug */ = {
			isa = XCBuildConfiguration;
			buildSettings = {
				ALWAYS_SEARCH_USER_PATHS = NO;
				CLANG_ANALYZER_NONNULL = YES;
				CLANG_ANALYZER_NUMBER_OBJECT_CONVERSION = YES_AGGRESSIVE;
				CLANG_CXX_LANGUAGE_STANDARD = "gnu++17";
				CLANG_CXX_LIBRARY = "libc++";
				CLANG_ENABLE_MODULES = YES;
				CLANG_ENABLE_OBJC_ARC = YES;
				CLANG_ENABLE_OBJC_WEAK = YES;
				CLANG_WARN_BLOCK_CAPTURE_AUTORELEASING = YES;
				CLANG_WARN_BOOL_CONVERSION = YES;
				CLANG_WARN_COMMA = YES;
				CLANG_WARN_CONSTANT_CONVERSION = YES;
				CLANG_WARN_DEPRECATED_OBJC_IMPLEMENTATIONS = YES;
				CLANG_WARN_DIRECT_OBJC_ISA_USAGE = YES_ERROR;
				CLANG_WARN_DOCUMENTATION_COMMENTS = YES;
				CLANG_WARN_EMPTY_BODY = YES;
				CLANG_WARN_ENUM_CONVERSION = YES;
				CLANG_WARN_INFINITE_RECURSION = YES;
				CLANG_WARN_INT_CONVERSION = YES;
				CLANG_WARN_NON_LITERAL_NULL_CONVERSION = YES;
				CLANG_WARN_OBJC_IMPLICIT_RETAIN_SELF = YES;
				CLANG_WARN_OBJC_LITERAL_CONVERSION = YES;
				CLANG_WARN_OBJC_ROOT_CLASS = YES_ERROR;
				CLANG_WARN_QUOTED_INCLUDE_IN_FRAMEWORK_HEADER = YES;
				CLANG_WARN_RANGE_LOOP_ANALYSIS = YES;
				CLANG_WARN_STRICT_PROTOTYPES = YES;
				CLANG_WARN_SUSPICIOUS_MOVE = YES;
				CLANG_WARN_UNGUARDED_AVAILABILITY = YES_AGGRESSIVE;
				CLANG_WARN_UNREACHABLE_CODE = YES;
				CLANG_WARN__DUPLICATE_METHOD_MATCH = YES;
				COPY_PHASE_STRIP = NO;
				DEBUG_INFORMATION_FORMAT = dwarf;
				ENABLE_STRICT_OBJC_MSGSEND = YES;
				ENABLE_TESTABILITY = YES;
				GCC_C_LANGUAGE_STANDARD = gnu11;
				GCC_DYNAMIC_NO_PIC = NO;
				GCC_NO_COMMON_BLOCKS = YES;
				GCC_OPTIMIZATION_LEVEL = 0;
				GCC_PREPROCESSOR_DEFINITIONS = (
					"DEBUG=1",
					"$(inherited)",
				);
				GCC_WARN_64_TO_32_BIT_CONVERSION = YES;
				GCC_WARN_ABOUT_RETURN_TYPE = YES_ERROR;
				GCC_WARN_UNDECLARED_SELECTOR = YES;
				GCC_WARN_UNINITIALIZED_AUTOS = YES_AGGRESSIVE;
				GCC_WARN_UNUSED_FUNCTION = YES;
				GCC_WARN_UNUSED_VARIABLE = YES;
				IPHONEOS_DEPLOYMENT_TARGET = 15.0;
				MTL_ENABLE_DEBUG_INFO = INCLUDE_SOURCE;
				MTL_FAST_MATH = YES;
				ONLY_ACTIVE_ARCH = YES;
				SDKROOT = iphoneos;
				SWIFT_ACTIVE_COMPILATION_CONDITIONS = DEBUG;
				SWIFT_OPTIMIZATION_LEVEL = "-Onone";
			};
			name = Debug;
		};
		B3F25D70273ED17700266C90 /* Release */ = {
			isa = XCBuildConfiguration;
			buildSettings = {
				ALWAYS_SEARCH_USER_PATHS = NO;
				CLANG_ANALYZER_NONNULL = YES;
				CLANG_ANALYZER_NUMBER_OBJECT_CONVERSION = YES_AGGRESSIVE;
				CLANG_CXX_LANGUAGE_STANDARD = "gnu++17";
				CLANG_CXX_LIBRARY = "libc++";
				CLANG_ENABLE_MODULES = YES;
				CLANG_ENABLE_OBJC_ARC = YES;
				CLANG_ENABLE_OBJC_WEAK = YES;
				CLANG_WARN_BLOCK_CAPTURE_AUTORELEASING = YES;
				CLANG_WARN_BOOL_CONVERSION = YES;
				CLANG_WARN_COMMA = YES;
				CLANG_WARN_CONSTANT_CONVERSION = YES;
				CLANG_WARN_DEPRECATED_OBJC_IMPLEMENTATIONS = YES;
				CLANG_WARN_DIRECT_OBJC_ISA_USAGE = YES_ERROR;
				CLANG_WARN_DOCUMENTATION_COMMENTS = YES;
				CLANG_WARN_EMPTY_BODY = YES;
				CLANG_WARN_ENUM_CONVERSION = YES;
				CLANG_WARN_INFINITE_RECURSION = YES;
				CLANG_WARN_INT_CONVERSION = YES;
				CLANG_WARN_NON_LITERAL_NULL_CONVERSION = YES;
				CLANG_WARN_OBJC_IMPLICIT_RETAIN_SELF = YES;
				CLANG_WARN_OBJC_LITERAL_CONVERSION = YES;
				CLANG_WARN_OBJC_ROOT_CLASS = YES_ERROR;
				CLANG_WARN_QUOTED_INCLUDE_IN_FRAMEWORK_HEADER = YES;
				CLANG_WARN_RANGE_LOOP_ANALYSIS = YES;
				CLANG_WARN_STRICT_PROTOTYPES = YES;
				CLANG_WARN_SUSPICIOUS_MOVE = YES;
				CLANG_WARN_UNGUARDED_AVAILABILITY = YES_AGGRESSIVE;
				CLANG_WARN_UNREACHABLE_CODE = YES;
				CLANG_WARN__DUPLICATE_METHOD_MATCH = YES;
				COPY_PHASE_STRIP = NO;
				DEBUG_INFORMATION_FORMAT = "dwarf-with-dsym";
				ENABLE_NS_ASSERTIONS = NO;
				ENABLE_STRICT_OBJC_MSGSEND = YES;
				GCC_C_LANGUAGE_STANDARD = gnu11;
				GCC_NO_COMMON_BLOCKS = YES;
				GCC_WARN_64_TO_32_BIT_CONVERSION = YES;
				GCC_WARN_ABOUT_RETURN_TYPE = YES_ERROR;
				GCC_WARN_UNDECLARED_SELECTOR = YES;
				GCC_WARN_UNINITIALIZED_AUTOS = YES_AGGRESSIVE;
				GCC_WARN_UNUSED_FUNCTION = YES;
				GCC_WARN_UNUSED_VARIABLE = YES;
				IPHONEOS_DEPLOYMENT_TARGET = 15.0;
				MTL_ENABLE_DEBUG_INFO = NO;
				MTL_FAST_MATH = YES;
				SDKROOT = iphoneos;
				SWIFT_COMPILATION_MODE = wholemodule;
				SWIFT_OPTIMIZATION_LEVEL = "-O";
				VALIDATE_PRODUCT = YES;
			};
			name = Release;
		};
		B3F25D72273ED17700266C90 /* Debug */ = {
			isa = XCBuildConfiguration;
			buildSettings = {
				ALWAYS_EMBED_SWIFT_STANDARD_LIBRARIES = YES;
				ASSETCATALOG_COMPILER_APPICON_NAME = AppIcon;
				ASSETCATALOG_COMPILER_GLOBAL_ACCENT_COLOR_NAME = AccentColor;
				CODE_SIGN_STYLE = Automatic;
				CURRENT_PROJECT_VERSION = 1;
				DEVELOPMENT_ASSET_PATHS = "\"MC4/Preview Content\"";
				DEVELOPMENT_TEAM = HFB9678VY3;
				ENABLE_PREVIEWS = YES;
				GENERATE_INFOPLIST_FILE = YES;
				INFOPLIST_KEY_UIApplicationSceneManifest_Generation = YES;
				INFOPLIST_KEY_UIApplicationSupportsIndirectInputEvents = YES;
				INFOPLIST_KEY_UILaunchScreen_Generation = YES;
				INFOPLIST_KEY_UILaunchStoryboardName = "Launch Screen";
				INFOPLIST_KEY_UISupportedInterfaceOrientations_iPad = "UIInterfaceOrientationPortrait UIInterfaceOrientationPortraitUpsideDown UIInterfaceOrientationLandscapeLeft UIInterfaceOrientationLandscapeRight";
				INFOPLIST_KEY_UISupportedInterfaceOrientations_iPhone = "UIInterfaceOrientationPortrait UIInterfaceOrientationLandscapeLeft UIInterfaceOrientationLandscapeRight";
				LD_RUNPATH_SEARCH_PATHS = (
					"$(inherited)",
					"@executable_path/Frameworks",
				);
				MARKETING_VERSION = 1.0;
				PRODUCT_BUNDLE_IDENTIFIER = SantosTalita.MC4;
				PRODUCT_NAME = "$(TARGET_NAME)";
				SWIFT_EMIT_LOC_STRINGS = YES;
				SWIFT_VERSION = 5.0;
				TARGETED_DEVICE_FAMILY = 1;
			};
			name = Debug;
		};
		B3F25D73273ED17700266C90 /* Release */ = {
			isa = XCBuildConfiguration;
			buildSettings = {
				ALWAYS_EMBED_SWIFT_STANDARD_LIBRARIES = YES;
				ASSETCATALOG_COMPILER_APPICON_NAME = AppIcon;
				ASSETCATALOG_COMPILER_GLOBAL_ACCENT_COLOR_NAME = AccentColor;
				CODE_SIGN_STYLE = Automatic;
				CURRENT_PROJECT_VERSION = 1;
				DEVELOPMENT_ASSET_PATHS = "\"MC4/Preview Content\"";
				DEVELOPMENT_TEAM = HFB9678VY3;
				ENABLE_PREVIEWS = YES;
				GENERATE_INFOPLIST_FILE = YES;
				INFOPLIST_KEY_UIApplicationSceneManifest_Generation = YES;
				INFOPLIST_KEY_UIApplicationSupportsIndirectInputEvents = YES;
				INFOPLIST_KEY_UILaunchScreen_Generation = YES;
				INFOPLIST_KEY_UILaunchStoryboardName = "Launch Screen";
				INFOPLIST_KEY_UISupportedInterfaceOrientations_iPad = "UIInterfaceOrientationPortrait UIInterfaceOrientationPortraitUpsideDown UIInterfaceOrientationLandscapeLeft UIInterfaceOrientationLandscapeRight";
				INFOPLIST_KEY_UISupportedInterfaceOrientations_iPhone = "UIInterfaceOrientationPortrait UIInterfaceOrientationLandscapeLeft UIInterfaceOrientationLandscapeRight";
				LD_RUNPATH_SEARCH_PATHS = (
					"$(inherited)",
					"@executable_path/Frameworks",
				);
				MARKETING_VERSION = 1.0;
				PRODUCT_BUNDLE_IDENTIFIER = SantosTalita.MC4;
				PRODUCT_NAME = "$(TARGET_NAME)";
				SWIFT_EMIT_LOC_STRINGS = YES;
				SWIFT_VERSION = 5.0;
				TARGETED_DEVICE_FAMILY = 1;
			};
			name = Release;
		};
/* End XCBuildConfiguration section */

/* Begin XCConfigurationList section */
		B3A2B2A72757EA5C001C7E94 /* Build configuration list for PBXNativeTarget "AppClipsLocalizacao" */ = {
			isa = XCConfigurationList;
			buildConfigurations = (
				B3A2B2A82757EA5C001C7E94 /* Debug */,
				B3A2B2A92757EA5C001C7E94 /* Release */,
			);
			defaultConfigurationIsVisible = 0;
			defaultConfigurationName = Release;
		};
		B3F25D5E273ED17400266C90 /* Build configuration list for PBXProject "MC4" */ = {
			isa = XCConfigurationList;
			buildConfigurations = (
				B3F25D6F273ED17700266C90 /* Debug */,
				B3F25D70273ED17700266C90 /* Release */,
			);
			defaultConfigurationIsVisible = 0;
			defaultConfigurationName = Release;
		};
		B3F25D71273ED17700266C90 /* Build configuration list for PBXNativeTarget "MC4" */ = {
			isa = XCConfigurationList;
			buildConfigurations = (
				B3F25D72273ED17700266C90 /* Debug */,
				B3F25D73273ED17700266C90 /* Release */,
			);
			defaultConfigurationIsVisible = 0;
			defaultConfigurationName = Release;
		};
/* End XCConfigurationList section */
	};
	rootObject = B3F25D5B273ED17400266C90 /* Project object */;
}
